
Microsoft Visual Studio Solution File, Format Version 12.00
# Visual Studio Version 17
VisualStudioVersion = 17.7.34018.315
MinimumVisualStudioVersion = 10.0.40219.1
Project("{9A19103F-16F7-4668-BE54-9A1E7A4F7556}") = "Project 19.Wpf", "Project 19.Wpf\Project 19.Wpf.csproj", "{78818A8C-408F-4EB4-A321-B4DDB0E8094B}"
EndProject
Project("{54435603-DBB4-11D2-8724-00A0C9A8B90C}") = "PhonebookSetup", "Project 19.Wpf.Setup\PhonebookSetup.vdproj", "{384A87C6-47C5-45C2-A822-988F3254BCC7}"
EndProject
Global
	GlobalSection(SolutionConfigurationPlatforms) = preSolution
		Debug|Any CPU = Debug|Any CPU
		Release|Any CPU = Release|Any CPU
	EndGlobalSection
	GlobalSection(ProjectConfigurationPlatforms) = postSolution
		{78818A8C-408F-4EB4-A321-B4DDB0E8094B}.Debug|Any CPU.ActiveCfg = Debug|Any CPU
		{78818A8C-408F-4EB4-A321-B4DDB0E8094B}.Debug|Any CPU.Build.0 = Debug|Any CPU
		{78818A8C-408F-4EB4-A321-B4DDB0E8094B}.Release|Any CPU.ActiveCfg = Release|Any CPU
		{78818A8C-408F-4EB4-A321-B4DDB0E8094B}.Release|Any CPU.Build.0 = Release|Any CPU
		{384A87C6-47C5-45C2-A822-988F3254BCC7}.Debug|Any CPU.ActiveCfg = Debug
		{384A87C6-47C5-45C2-A822-988F3254BCC7}.Debug|Any CPU.Build.0 = Debug
		{384A87C6-47C5-45C2-A822-988F3254BCC7}.Release|Any CPU.ActiveCfg = Release
		{384A87C6-47C5-45C2-A822-988F3254BCC7}.Release|Any CPU.Build.0 = Release
	EndGlobalSection
	GlobalSection(SolutionProperties) = preSolution
		HideSolutionNode = FALSE
	EndGlobalSection
	GlobalSection(ExtensibilityGlobals) = postSolution
		SolutionGuid = {A9845970-EF64-4042-B80E-2CE351EDE180}
	EndGlobalSection
EndGlobal
